
Microsoft Visual Studio Solution File, Format Version 12.00
# Visual Studio 2013
VisualStudioVersion = 12.0.31101.0
MinimumVisualStudioVersion = 10.0.40219.1
Project("{FAE04EC0-301F-11D3-BF4B-00C04F79EFBC}") = "NugetBrowser", "NugetBrowser\NugetBrowser.csproj", "{3DAB7936-C041-4048-B6D8-FFACB0061AAA}"
EndProject
Project("{FAE04EC0-301F-11D3-BF4B-00C04F79EFBC}") = "Tests.NugetBrowser", "Tests.NugetBrowser\Tests.NugetBrowser.csproj", "{BA206723-FCEF-49B4-81F6-D5B690818647}"
EndProject
Global
	GlobalSection(SolutionConfigurationPlatforms) = preSolution
		Debug|Any CPU = Debug|Any CPU
		Release|Any CPU = Release|Any CPU
	EndGlobalSection
	GlobalSection(ProjectConfigurationPlatforms) = postSolution
		{3DAB7936-C041-4048-B6D8-FFACB0061AAA}.Debug|Any CPU.ActiveCfg = Debug|Any CPU
		{3DAB7936-C041-4048-B6D8-FFACB0061AAA}.Debug|Any CPU.Build.0 = Debug|Any CPU
		{3DAB7936-C041-4048-B6D8-FFACB0061AAA}.Release|Any CPU.ActiveCfg = Release|Any CPU
		{3DAB7936-C041-4048-B6D8-FFACB0061AAA}.Release|Any CPU.Build.0 = Release|Any CPU
		{BA206723-FCEF-49B4-81F6-D5B690818647}.Debug|Any CPU.ActiveCfg = Debug|Any CPU
		{BA206723-FCEF-49B4-81F6-D5B690818647}.Debug|Any CPU.Build.0 = Debug|Any CPU
		{BA206723-FCEF-49B4-81F6-D5B690818647}.Release|Any CPU.ActiveCfg = Release|Any CPU
		{BA206723-FCEF-49B4-81F6-D5B690818647}.Release|Any CPU.Build.0 = Release|Any CPU
	EndGlobalSection
	GlobalSection(SolutionProperties) = preSolution
		HideSolutionNode = FALSE
	EndGlobalSection
EndGlobal
